{
  "name": "portal-backend",
  "version": "1.0.0",
  "lockfileVersion": 3,
  "requires": true,
  "packages": {
    "": {
      "name": "portal-backend",
      "version": "1.0.0",
      "license": "ISC",
      "dependencies": {
        "@google/generative-ai": "^0.15.0",
        "axios": "^1.7.2",
        "cors": "^2.8.5",
        "dotenv": "^16.4.5",
        "express": "^4.19.2"
      }
    },
    "node_modules/@google/generative-ai": {
      "version": "0.15.0",
      "resolved": "https://registry.npmjs.org/@google/generative-ai/-/generative-ai-0.15.0.tgz",
      "integrity": "sha512-Tqftob9IWrnQGZic41QkP5c3S1wS4gQGbt2y5sflLKOjC4cUyGw2v273FGpxd3SB0A/73ck9iN2N58e+g3EaVQ==",
      "engines": {
        "node": ">=18.0.0"
      }
    },
    "node_modules/accepts": {
      "version": "1.3.8",
      "resolved": "https://registry.npmjs.org/accepts/-/accepts-1.3.8.tgz",
      "integrity": "sha512-PYAthTa2m2VKxuvSD3DPC/Gy+UoT8aOM7v4SCzCbENd6wnTEYITmab4bfP+S4BYV/WwZk0F6zoabráDG+hIdIA==",
      "dependencies": {
        "mime-types": "~2.1.34",
        "negotiator": "0.6.3"
      },
      "engines": {
        "node": ">= 0.6"
      }
    },
    "node_modules/array-flatten": {
      "version": "1.1.1",
      "resolved": "https://registry.npmjs.org/array-flatten/-/array-flatten-1.1.1.tgz",
      "integrity": "sha512-PCVAQwvO+3xxg8bMGH+2EadTzzckBb3n1dTRMKxa2s9o27dj4iCYv4v1V3LPg1n2bBRhbhQouogq6EVhT5aRsg=="
    },
    "node_modules/axios": {
      "version": "1.7.2",
      "resolved": "https://registry.npmjs.org/axios/-/axios-1.7.2.tgz",
      "integrity": "sha512-2A52ZqKliGv33+eFPAq9msFO0Y9Gj5wY6ITRDpD2S2p7LBJg21scR37P6B+q+yLKYD2Ggfg4GT2wtgQ1x0+fPA==",
      "dependencies": {
        "follow-redirects": "^1.15.6",
        "form-data": "^4.0.0",
        "proxy-from-env": "^1.1.0"
      }
    },
    "node_modules/body-parser": {
      "version": "1.20.2",
      "resolved": "https://registry.npmjs.org/body-parser/-/body-parser-1.20.2.tgz",
      "integrity": "sha512-ml9pRe+W60c30/dS43g1I02kLS2OZsGvT4y6rVwgNA+pA0bFvmy6sSTOJci+E4Jwae89LAerSMy2GO1nlJsEAw==",
      "dependencies": {
        "bytes": "3.1.2",
        "content-type": "~1.0.5",
        "debug": "2.6.9",
        "depd": "2.0.0",
        "destroy": "1.2.0",
        "http-errors": "2.0.0",
        "iconv-lite": "0.4.24",
        "on-finished": "2.4.1",
        "qs": "6.11.0",
        "raw-body": "2.5.2",
        "type-is": "~1.6.18",
        "unpipe": "1.0.0"
      },
      "engines": {
        "node": ">= 0.8",
        "npm": "1.2.8000 || >= 1.4.16"
      }
    },
    "node_modules/bytes": {
      "version": "3.1.2",
      "resolved": "https://registry.npmjs.org/bytes/-/bytes-3.1.2.tgz",
      "integrity": "sha512-/Nf7TyzTx6S3yRJObOAV7956r8cr2+Oj8AC5dtCVo7bBEoHwy58Ayw8aqkT/Gabg4BsouQ4IevlPNOvweVIStA==",
      "engines": {
        "node": ">= 0.8"
      }
    },
    "node_modules/call-bind": {
      "version": "1.0.7",
      "resolved": "https://registry.npmjs.org/call-bind/-/call-bind-1.0.7.tgz",
      "integrity": "sha512-GHTSNSYIKT/w4+6D2I4n9a5EsRMIOphjkfL3sWprA+g2Od+2TrpxOhgdsG0kda1t2bcq60b4rAb1bB23rY3h0w==",
      "dependencies": {
        "function-bind": "^1.1.2",
        "get-intrinsic": "^1.2.4",
        "set-function-length": "^1.2.2"
      },
      "funding": {
        "url": "https://github.com/sponsors/ljharb"
      }
    },
    "node_modules/content-disposition": {
      "version": "0.5.4",
      "resolved": "https://registry.npmjs.org/content-disposition/-/content-disposition-0.5.4.tgz",
      "integrity": "sha512-FveZTNuGw04cTCudIW/FpaEpcRYombfUen6jifpfG8PGUFeC8EiaXg4QvjAWE7SjaiGBONkKuzKl2r61upBMMQ==",
      "dependencies": {
        "safe-buffer": "5.2.1"
      },
      "engines": {
        "node": ">= 0.6"
      }
    },
    "node_modules/content-type": {
      "version": "1.0.5",
      "resolved": "https://registry.npmjs.org/content-type/-/content-type-1.0.5.tgz",
      "integrity": "sha512-nTjqfcBFEipKdXCv4YDQWCfmcwNMlAGna90rA0EbKxpdJur9xydFP2eBEeqmwTcipKekcsM0hM3jsbCIg0sfhA==",
      "engines": {
        "node": ">= 0.6"
      }
    },
    "node_modules/cookie": {
      "version": "0.5.0",
      "resolved": "https://registry.npmjs.org/cookie/-/cookie-0.5.0.tgz",
      "integrity": "sha512-YZ3GUyn/o8gfsvs2p7LA3nFqM322yH6eSg4gOa2kT23r+m1341/mF321w8b2vQv6dOA3ZOtLA4/K61U3bhYgA==",
      "engines": {
        "node": ">= 0.6"
      }
    },
    "node_modules/cookie-signature": {
      "version": "1.0.6",
      "resolved": "https://registry.npmjs.org/cookie-signature/-/cookie-signature-1.0.6.tgz",
      "integrity": "sha512-Qh2sigeeo3o0Ak2eWw2wdf6ko8v9Reb2Ld4c4IeI8shx4w/1ngjQ4x5v222RhBNH3C5tEfTe6T2sYF4sA64eKQ=="
    },
    "node_modules/cors": {
      "version": "2.8.5",
      "resolved": "https://registry.npmjs.org/cors/-/cors-2.8.5.tgz",
      "integrity": "sha512-II+l+eV/2e2r+W8vBf5dL5q7yA9v4mkUaRvYf8d/+T26qOS/oe9xTroJL2swTQ1YpFZjB9GZ55XYY6llEOAE5A==",
      "dependencies": {
        "object-assign": "^4",
        "vary": "^1"
      },
      "engines": {
        "node": ">= 0.10"
      }
    },
    "node_modules/debug": {
      "version": "2.6.9",
      "resolved": "https://registry.npmjs.org/debug/-/debug-2.6.9.tgz",
      "integrity": "sha512-bC7ElrdJaJnPbAP+1E4j+2CqBNHKUmlpadbecsdM22omwO+1VBdsaQrlSQLIwZnf5eR719NQgyLSQT/9G7Zg4w==",
      "dependencies": {
        "ms": "2.0.0"
      }
    },
    "node_modules/define-data-property": {
      "version": "1.1.4",
      "resolved": "https://registry.npmjs.org/define-data-property/-/define-data-property-1.1.4.tgz",
      "integrity": "sha512-rLPc/dIZsBG29b22p82sTy4k3JgpK78R1a7tO2i5ktyUixe22gR05f/9wO4Cdr+gS2hQ6i3r5tyI7u/s+XW/6A==",
      "dependencies": {
        "get-intrinsic": "^1.2.4",
        "gopd": "^1.0.1",
        "has-property-descriptors": "^1.0.2"
      },
      "engines": {
        "node": ">= 0.4"
      },
      "funding": {
        "url": "https://github.com/sponsors/ljharb"
      }
    },
    "node_modules/depd": {
      "version": "2.0.0",
      "resolved": "https://registry.npmjs.org/depd/-/depd-2.0.0.tgz",
      "integrity": "sha512-g7nH6P6dyDioJogAAGprGpCtVImJhpPk/decQvO1AxPf9EVxS2GIBGyHiKfl52tUChCfxFxEnYJLVnvADaKGeA==",
      "engines": {
        "node": ">= 0.8"
      }
    },
    "node_modules/destroy": {
      "version": "1.2.0",
      "resolved": "https://registry.npmjs.org/destroy/-/destroy-1.2.0.tgz",
      "integrity": "sha512-2sJGJTaXIIaR1w4iJSNoN0hnMY4Gpc/n8D4q2Ia9NssaeU5Lo5ClwjG+c9dgo1aS1NPaBO3KLLk3K2bXwA96Aw==",
      "engines": {
        "node": ">= 0.8",
        "npm": "1.2.8000 || >= 1.4.16"
      }
    },
    "node_modules/dotenv": {
      "version": "16.4.5",
      "resolved": "https://registry.npmjs.org/dotenv/-/dotenv-16.4.5.tgz",
      "integrity": "sha512-Zbr5eS+Mgg7Gjbtx+YeZu+xMDadefIpIZEU/MA9BUIvuEDPZ2peg8HcUHiisUDqci0yXUpsgeStg0wG8fWd26g==",
      "engines": {
        "node": ">=12"
      },
      "funding": {
        "url": "https://github.com/motdotla/dotenv?sponsor=1"
      }
    },
    "node_modules/ee-first": {
      "version": "1.1.1",
      "resolved": "https://registry.npmjs.org/ee-first/-/ee-first-1.1.1.tgz",
      "integrity": "sha512-WMawARbZXThQ2NFi8aB4/uYadwB2bQbycBsYOfp8/WhsFr9HwClgI3Z9g25/okLSd3rthD3M3r+x6SgKmmLVPA=="
    },
    "node_modules/encodeurl": {
      "version": "1.0.2",
      "resolved": "https://registry.npmjs.org/encodeurl/-/encodeurl-1.0.2.tgz",
      "integrity": "sha512-TPKa/c+eQn9dizf3pTK4Q1wM9k4xU1T2fpyE2K2iCdwSAz0v2ryi5Zwmsk25xLg3ZXXI4Q5L8PAelIuMmAa0dA==",
      "engines": {
        "node": ">= 0.8"
      }
    },
    "node_modules/es-define-property": {
      "version": "1.0.0",
      "resolved": "https://registry.npmjs.org/es-define-property/-/es-define-property-1.0.0.tgz",
      "integrity": "sha512-U8xQD1T34Hxfx2Sjz60zI+cmAZL1T0jY0Qw128KoeKY4h921n/7mH2x/k5iCJS/MS1BB08q/pS33oh+jOUJ/VA==",
      "dependencies": {
        "get-intrinsic": "^1.2.4"
      },
      "engines": {
        "node": ">= 0.4"
      }
    },
    "node_modules/es-errors": {
      "version": "1.3.0",
      "resolved": "https://registry.npmjs.org/es-errors/-/es-errors-1.3.0.tgz",
      "integrity": "sha512-Sqr5Zw5/D3L42fPG5gCHtXguzVI9y94jG/h2x/fFlP4r3Tix232vO41qa/Y4H4ZZGscsze2S2i5hNnQ98gYdIA==",
      "engines": {
        "node": ">= 0.4"
      }
    },
    "node_modules/escape-html": {
      "version": "1.0.3",
      "resolved": "https://registry.npmjs.org/escape-html/-/escape-html-1.0.3.tgz",
      "integrity": "sha512-NiSupZ4A6J3w36096scsED3DeODCj2kNbP2sC9T6/B6XmC9M5eE1MyZIM02vom2eA6i/S68vPscs/2saA9iY6Q=="
    },
    "node_modules/etag": {
      "version": "1.8.1",
      "resolved": "https://registry.npmjs.org/etag/-/etag-1.8.1.tgz",
      "integrity": "sha512-aIL5Fx7mawVa300al2fsADBxdesFwb55vyBw4tQ6LpB4kUAnYhiuJXA3IIpagECBnkCEeHDinIeLX32UVvKn6g==",
      "engines": {
        "node": ">= 0.6"
      }
    },
    "node_modules/express": {
      "version": "4.19.2",
      "resolved": "https://registry.npmjs.org/express/-/express-4.19.2.tgz",
      "integrity": "sha512-5T6nhjsT+EOMzK3UPCPGzL6V2uM1eRDe5kU9K3Kq5szvolESvyi2vWTMU/lrd6J0RkM21kE03iI24Sa5dSo2RA==",
      "dependencies": {
        "accepts": "~1.3.8",
        "array-flatten": "1.1.1",
        "body-parser": "1.20.2",
        "content-disposition": "0.5.4",
        "content-type": "~1.0.4",
        "cookie": "0.5.0",
        "cookie-signature": "1.0.6",
        "debug": "2.6.9",
        "depd": "~2.0.0",
        "encodeurl": "~1.0.2",
        "escape-html": "~1.0.3",
        "etag": "~1.8.1",
        "finalhandler": "1.2.0",
        "fresh": "0.5.2",
        "merge-descriptors": "1.0.1",
        "methods": "~1.1.2",
        "on-finished": "~2.4.1",
        "parseurl": "~1.3.3",
        "path-to-regexp": "0.1.7",
        "proxy-addr": "~2.0.7",
        "qs": "6.11.0",
        "range-parser": "~1.2.1",
        "safe-buffer": "5.2.1",
        "send": "0.18.0",
        "serve-static": "1.15.0",
        "setprototypeof": "1.2.0",
        "statuses": "2.0.1",
        "type-is": "~1.6.18",
        "utils-flatten": "1.0.1",
        "vary": "~1.1.2"
      },
      "engines": {
        "node": ">= 0.10.0"
      }
    },
    "node_modules/finalhandler": {
      "version": "1.2.0",
      "resolved": "https://registry.npmjs.org/finalhandler/-/finalhandler-1.2.0.tgz",
      "integrity": "sha512-5uXcUVftlQRaMyawd2PYLAjRT5z+v3cF7wclJpD2I20q3plbTpZrD0G4WZNXd4GAlwR20M3Vq79RoclBIW11A==",
      "dependencies": {
        "debug": "2.6.9",
        "encodeurl": "~1.0.2",
        "escape-html": "~1.0.3",
        "on-finished": "~2.4.1",
        "parseurl": "~1.3.3",
        "statuses": "2.0.1",
        "unpipe": "~1.0.0"
      },
      "engines": {
        "node": ">= 0.8"
      }
    },
    "node_modules/follow-redirects": {
      "version": "1.15.6",
      "resolved": "https://registry.npmjs.org/follow-redirects/-/follow-redirects-1.15.6.tgz",
      "integrity": "sha512-wS2BB8ii+gI2hcrBr9ofmI30aIe+8PySRTmtb46s471i1kFFimOa0d8lMhdS9g1p/v3hO2j6lAbW1a/O5Ig7DA==",
      "funding": [
        {
          "type": "individual",
          "url": "https://github.com/sponsors/RubenVerborgh"
        }
      ],
      "engines": {
        "node": ">=4.0"
      },
      "peerDependenciesMeta": {
        "debug": {
          "optional": true
        }
      }
    },
    "node_modules/form-data": {
      "version": "4.0.0",
      "resolved": "https://registry.npmjs.org/form-data/-/form-data-4.0.0.tgz",
      "integrity": "sha512-ETEbY+uKhFieldL/kxQ+Nawc+xPftPdBpAL2gW2l72DMCZgO9Soi3T526MPubrBGncA/QCNr+p/sM9YEqMwd8ZA==",
      "dependencies": {
        "asynckit": "^0.4.0",
        "combined-stream": "^1.0.8",
        "mime-types": "^2.1.12"
      },
      "engines": {
        "node": ">= 6"
      }
    },
    "node_modules/forwarded": {
      "version": "0.2.0",
      "resolved": "https://registry.npmjs.org/forwarded/-/forwarded-0.2.0.tgz",
      "integrity": "sha512-buDTmCJT1em8mDR3MBcF3tL2g9kO2i/gCgK8jZq1m3pVkwsGk4x52bklA5t3G2CrdKresVL2dFigUjO9/Y0e6g==",
      "engines": {
        "node": ">= 0.6"
      }
    },
    "node_modules/fresh": {
      "version": "0.5.2",
      "resolved": "https://registry.npmjs.org/fresh/-/fresh-0.5.2.tgz",
      "integrity": "sha512-ztcCS3G8I2rIeB8OCbI9I6EAbL2JYAl95JkGkG0jLAI3pveiDFnDBsL9i1iS3C3z4p4s5s6A6t/lms3i2N9s1A==",
      "engines": {
        "node": ">= 0.6"
      }
    },
    "node_modules/function-bind": {
      "version": "1.1.2",
      "resolved": "https://registry.npmjs.org/function-bind/-/function-bind-1.1.2.tgz",
      "integrity": "sha512-714uBgrbLnoq1S5+9JBNP254P5W822lB1eA4822xB1y8hIcoiT3a32a9DN54mf2o2d8sEdLh+aXQ4vdaI/81Ag==",
      "funding": {
        "url": "https://github.com/sponsors/ljharb"
      }
    },
    "node_modules/get-intrinsic": {
      "version": "1.2.4",
      "resolved": "https://registry.npmjs.org/get-intrinsic/-/get-intrinsic-1.2.4.tgz",
      "integrity": "sha512-dG3qkcfgkJh4sMyBvEEfkgVnJkH2wM21c64L/L9ut0aW/Aa40w2W1c3X4A8g91kBHW8rI485XUbfw2vCij17w==",
      "dependencies": {
        "function-bind": "^1.1.2",
        "has-proto": "^1.0.3",
        "has-symbols": "^1.0.3",
        "hasown": "^2.0.2"
      },
      "funding": {
        "url": "https://github.com/sponsors/ljharb"
      }
    },
    "node_modules/gopd": {
      "version": "1.0.1",
      "resolved": "https://registry.npmjs.org/gopd/-/gopd-1.0.1.tgz",
      "integrity": "sha512-d1x22fswRPiUXyGwqIe3vYyIt4sV0nFDPZ46rrgnfkr4p4412veurwQ55e65s1L1aOhx1HhVf3M1Yw32v+s3gA==",
      "dependencies": {
        "get-intrinsic": "^1.1.3"
      },
      "funding": {
        "url": "https://github.com/sponsors/ljharb"
      }
    },
    "node_modules/has-property-descriptors": {
      "version": "1.0.2",
      "resolved": "https://registry.npmjs.org/has-property-descriptors/-/has-property-descriptors-1.0.2.tgz",
      "integrity": "sha512-55U2iOOK3d/M0eFp33k042p/2wzR3+X6M4e4cR67jEwO/06AGdCLe7T/aI0NTE4QRcIe0gDAgO9ghw7+g==",
      "dependencies": {
        "es-define-property": "^1.0.0"
      },
      "funding": {
        "url": "https://github.com/sponsors/ljharb"
      }
    },
    "node_modules/has-proto": {
      "version": "1.0.3",
      "resolved": "https://registry.npmjs.org/has-proto/-/has-proto-1.0.3.tgz",
      "integrity": "sha512-YIhas2y9oWe2AbQpStpdMLiG6gUe4l61iXwE67OvVhcGgE22sX13hSUE2+k4/tA3r2Ulbk2VYjXFotaMXi49XA==",
      "engines": {
        "node": ">= 0.4"
      },
      "funding": {
        "url": "https://github.com/sponsors/ljharb"
      }
    },
    "node_modules/has-symbols": {
      "version": "1.0.3",
      "resolved": "https://registry.npmjs.org/has-symbols/-/has-symbols-1.0.3.tgz",
      "integrity": "sha512-l3LCuF6NfjUGwW3wAOSgY1jc9QGj4ULcvquwGkOKStlgpdQAFVyvB4rdCHN2Fb6s3gK2e983vWjtmjRnAaHdlg==",
      "engines": {
        "node": ">= 0.4"
      },
      "funding": {
        "url": "https://github.com/sponsors/ljharb"
      }
    },
    "node_modules/hasown": {
      "version": "2.0.2",
      "resolved": "https://registry.npmjs.org/hasown/-/hasown-2.0.2.tgz",
      "integrity": "sha512-I9mb92518CpTevz+i1yT6x0upwGkN40pkU4b85q+iSmsiTzTGU/TAYg12/gyWeoBeR/fp3sVf2fG1hGwoyOftA==",
      "dependencies": {
        "function-bind": "^1.1.2"
      },
      "engines": {
        "node": ">= 0.4"
      }
    },
    "node_modules/http-errors": {
      "version": "2.0.0",
      "resolved": "https://registry.npmjs.org/http-errors/-/http-errors-2.0.0.tgz",
      "integrity": "sha512-RmhBMANwT2Z53GvPfwjokgEDjssOcTEsA/2H9lB+VOgR+mB7A/bB3hTsdPzNVg3gjg1A2yGg50z34R3zQ/d8sQ==",
      "dependencies": {
        "depd": "2.0.0",
        "inherits": "2.0.4",
        "setprototypeof": "1.2.0",
        "statuses": "2.0.1",
        "toidentifier": "1.0.1"
      },
      "engines": {
        "node": ">= 0.8"
      }
    },
    "node_modules/iconv-lite": {
      "version": "0.4.24",
      "resolved": "https://registry.npmjs.org/iconv-lite/-/iconv-lite-0.4.24.tgz",
      "integrity": "sha512-v3MXnZAcvnywkADNptvsn/CBFEeXRUvr2I3rdNNd79uXCIvZiFx0r2LViagQciupRTaCVoHl/xlcy7DBfwbloA==",
      "dependencies": {
        "safer-buffer": ">= 2.1.2 < 3"
      },
      "engines": {
        "node": ">=0.10.0"
      }
    },
    "node_modules/inherits": {
      "version": "2.0.4",
      "resolved": "https://registry.npmjs.org/inherits/-/inherits-2.0.4.tgz",
      "integrity": "sha512-k/vGaX4/Yla3WzyMCvTQOaPi4+AmsII0WoG9syLsoB9TaS8vMJ9qGeKweqsQKCiPRKs94gQconejkmdestVJw=="
    },
    "node_modules/ipaddr.js": {
      "version": "1.9.1",
      "resolved": "https://registry.npmjs.org/ipaddr.js/-/ipaddr.js-1.9.1.tgz",
      "integrity": "sha512-0KI/607xoxSToH7GjN1FfSbLoU0+btTicjsQSWQdoW/Nlo85erT56fdradgTs8m202ePDYg3ttJF3GsoPDk3JQ==",
      "engines": {
        "node": ">= 0.10"
      }
    },
    "node_modules/media-typer": {
      "version": "0.3.0",
      "resolved": "https://registry.npmjs.org/media-typer/-/media-typer-0.3.0.tgz",
      "integrity": "sha512-dq+qelQ9ak2adAmxmmmJRM3Ied9c2Qj33eTAb45JvA4TcF4Mrna5qxt2pI67eMmN+b53cwGgAizbA6LhW8R/IA==",
      "engines": {
        "node": ">= 0.6"
      }
    },
    "node_modules/merge-descriptors": {
      "version": "1.0.1",
      "resolved": "https://registry.npmjs.org/merge-descriptors/-/merge-descriptors-1.0.1.tgz",
      "integrity": "sha512-cCi6g3/Zr1iqQi6ySbseM1Xvooa98N0w31jzUYrXPX2xqObmF8+keSJDPVl4S3mCFzGtP66VThs2zxx4VIwkeA=="
    },
    "node_modules/methods": {
      "version": "1.1.2",
      "resolved": "https://registry.npmjs.org/methods/-/methods-1.1.2.tgz",
      "integrity": "sha512-iclAHeNqxpNp+2gI கரุUqd/p554cF1d0SgK3eASF7+w9W3WafvSj/lUe7vM3Q+lC48pLhb0K98Yc3sWhI/w==",
      "engines": {
        "node": ">= 0.6"
      }
    },
    "node_modules/mime": {
      "version": "1.6.0",
      "resolved": "https://registry.npmjs.org/mime/-/mime-1.6.0.tgz",
      "integrity": "sha512-x0Vn8spI+wuJ1O6S7gnbaQg8Pxh4NNHb7MuxyCo9PP5uBS+sM3CxwHNOB2goCR50rxbGGPlsxhavdl+N3cfHYg==",
      "engines": {
        "node": ">=4"
      }
    },
    "node_modules/mime-db": {
      "version": "1.52.0",
      "resolved": "https://registry.npmjs.org/mime-db/-/mime-db-1.52.0.tgz",
      "integrity": "sha512-sPU4uV7dYlza+bA2vhMcFRKPJWtZoKNWpr/6LI1EuJcpGnhGkE1H1vLj5JbqaOPdl2VioFRyoa2l77jS2R2a1A==",
      "engines": {
        "node": ">= 0.6"
      }
    },
    "node_modules/mime-types": {
      "version": "2.1.35",
      "resolved": "https://registry.npmjs.org/mime-types/-/mime-types-2.1.35.tgz",
      "integrity": "sha512-ZDY+bPm5zTTF+YpCrAU9nK0UgICYPT0QtT1NZWFv4s++TNkcg3yT/+gkIv0BSSl2wgyETAb+jVDD76HYIo4MIOg==",
      "dependencies": {
        "mime-db": "1.52.0"
      },
      "engines": {
        "node": ">= 0.6"
      }
    },
    "node_modules/ms": {
      "version": "2.0.0",
      "resolved": "https://registry.npmjs.org/ms/-/ms-2.0.0.tgz",
      "integrity": "sha512-Tpp60P6IUJDTuOq/5Z8cdskzJdAbkJTWbHwpGjdQYVReOLic/uk2cPDកQnkqs/uk9YBAIplXYdvpUvln6Hag=="
    },
    "node_modules/negotiator": {
      "version": "0.6.3",
      "resolved": "https://registry.npmjs.org/negotiator/-/negotiator-0.6.3.tgz",
      "integrity": "sha512-+EUsqGPLsM+j/zdChZjsnX51g4XrHFOIXwfn2w53smA2pnhGyQLDnr/DWOKowWEdKwb9Cr3e61r/1qdGHmMUDw==",
      "engines": {
        "node": ">= 0.6"
      }
    },
    "node_modules/object-assign": {
      "version": "4.1.1",
      "resolved": "https://registry.npmjs.org/object-assign/-/object-assign-4.1.1.tgz",
      "integrity": "sha512-rJgTQnkUnH1sFw8yT6VSU3zD3dSSSHOMXd2n2e3ky3M2QO61bMS3iJ2zyB43AC/1X6zS3vTMJSK9uyb3YVDA7A==",
      "engines": {
        "node": ">=0.10.0"
      }
    },
    "node_modules/object-inspect": {
      "version": "1.13.1",
      "resolved": "https://registry.npmjs.org/object-inspect/-/object-inspect-1.13.1.tgz",
      "integrity": "sha512-5bB7d+Biu3+N3i8vXXJD3t3p70+cI+hns/I0oHiMYL0p4H4s9Xv2G1cNafGpx0r4EAWsLBCvW12j6G+VY1Z9sA==",
      "funding": {
        "url": "https://github.com/sponsors/ljharb"
      }
    },
    "node_modules/on-finished": {
      "version": "2.4.1",
      "resolved": "https://registry.npmjs.org/on-finished/-/on-finished-2.4.1.tgz",
      "integrity": "sha512-oVOSSdeUD4I0GE4ABEe9L9L8PChL8bC7v7T8aC/brpbfRMTIYRudSkti0kKa9aMvMUFerT0shsVN2uDCDluPPA==",
      "dependencies": {
        "ee-first": "1.1.1"
      },
      "engines": {
        "node": ">= 0.8"
      }
    },
    "node_modules/parseurl": {
      "version": "1.3.3",
      "resolved": "https://registry.npmjs.org/parseurl/-/parseurl-1.3.3.tgz",
      "integrity": "sha512-CAhTAczHYL4hL9u9lVdYlA4uOxWcW554fJyo4m2aFp5Nko2L6g0s2s3nBz1sGS8a1hGgTzsyb2b9oNmgnGkMQ==",
      "engines": {
        "node": ">= 0.8"
      }
    },
    "node_modules/path-to-regexp": {
      "version": "0.1.7",
      "resolved": "https://registry.npmjs.org/path-to-regexp/-/path-to-regexp-0.1.7.tgz",
      "integrity": "sha512-tE+M0KSzC25hazPjqFfD2KfG5e27iLK1e4QohkFm/k2e/2wbz+/z6r4S2p34eT/m35eUjZlG40YF/pLhVfURw=="
    },
    "node_modules/proxy-addr": {
      "version": "2.0.7",
      "resolved": "https://registry.npmjs.org/proxy-addr/-/proxy-addr-2.0.7.tgz",
      "integrity": "sha512-llQsMLSdufSGLdeloE9beSKpcfpS3Uo7T5W2o8tC8Iv44P2p+213s4i+tqjT7g9N2s8sS2N5s3m/BqYg3M11w==",
      "dependencies": {
        "forwarded": "0.2.0",
        "ipaddr.js": "1.9.1"
      },
      "engines": {
        "node": ">= 0.10"
      }
    },
    "node_modules/proxy-from-env": {
      "version": "1.1.0",
      "resolved": "https://registry.npmjs.org/proxy-from-env/-/proxy-from-env-1.1.0.tgz",
      "integrity": "sha512-D+HcdChdCkiKFyUWAZOlP3I20G45Ljc32A4sI+oXyH1Lo/sH6UjU2jRkG2dLSz7sLKA2eIouYsyUa4s2oN0gLw=="
    },
    "node_modules/qs": {
      "version": "6.11.0",
      "resolved": "https://registry.npmjs.org/qs/-/qs-6.11.0.tgz",
      "integrity": "sha512-MvjoMCJwEarSbUYk5P1sym84o6pg1kUW20StראUeTvRenovsGMW+zoifmbVBxqhGgtl+f9lk416i1zx35thg==",
      "dependencies": {
        "side-channel": "^1.0.4"
      },
      "engines": {
        "node": ">=0.6"
      },
      "funding": {
        "url": "https://github.com/sponsors/ljharb"
      }
    },
    "node_modules/range-parser": {
      "version": "1.2.1",
      "resolved": "https://registry.npmjs.org/range-parser/-/range-parser-1.2.1.tgz",
      "integrity": "sha512-Hrgsx+orqoy5B1llxTMb2g7pbHv2b2a8c2h4fqa9fB9jV364vP2vA3txTJCA9p50ajz9a0j04yQLwLKc4HwSgg==",
      "engines": {
        "node": ">= 0.6"
      }
    },
    "node_modules/raw-body": {
      "version": "2.5.2",
      "resolved": "https://registry.npmjs.org/raw-body/-/raw-body-2.5.2.tgz",
      "integrity": "sha512-8NfXmPTIz538n0tM/J6/4qS9Tz/PSi3/2YVE5pMZm/X1VLoB/kC3sHR+NOtKM2s+x1f0C3oGlf5goi06xMmsbA==",
      "dependencies": {
        "bytes": "3.1.2",
        "http-errors": "2.0.0",
        "iconv-lite": "0.4.24",
        "unpipe": "1.0.0"
      },
      "engines": {
        "node": ">= 0.8"
      }
    },
    "node_modules/safe-buffer": {
      "version": "5.2.1",
      "resolved": "https://registry.npmjs.org/safe-buffer/-/safe-buffer-5.2.1.tgz",
      "integrity": "sha512-rp3So07KcdmmKbGvgaNxQSJr7bGVSVk5S9Eq1F+ppbRo70+YeaDxGia0i6dht5GI2fotL1SdlLMYHReb3gy8DA==",
      "funding": [
        {
          "type": "github",
          "url": "https://github.com/sponsors/feross"
        },
        {
          "type": "patreon",
          "url": "https://www.patreon.com/feross"
        },
        {
          "type": "consulting",
          "url": "https://feross.org/support"
        }
      ]
    },
    "node_modules/safer-buffer": {
      "version": "2.1.2",
      "resolved": "https://registry.npmjs.org/safer-buffer/-/safer-buffer-2.1.2.tgz",
      "integrity": "sha512-YZo3K82SD7Riyi0E1EQPojLz7kpepnSQI9bvyGy8BYul9oNuGCfMyTaUaJGHsohtRO9ztKJu8s4p8gAS5Vebcg=="
    },
    "node_modules/send": {
      "version": "0.18.0",
      "resolved": "https://registry.npmjs.org/send/-/send-0.18.0.tgz",
      "integrity": "sha512-qqWzuF3+Mfxo+V4PYdMAMGP7c4ZVE0vqu8K5qDgrG+Q5GuccaYb6StxIDJocDtdVy2Yn6Нуv+joa9v2re7ZEw==",
      "dependencies": {
        "debug": "2.6.9",
        "depd": "~2.0.0",
        "destroy": "1.2.0",
        "encodeurl": "~1.0.2",
        "escape-html": "~1.0.3",
        "etag": "~1.8.1",
        "fresh": "0.5.2",
        "http-errors": "2.0.0",
        "mime": "1.6.0",
        "ms": "2.1.3",
        "on-finished": "~2.4.1",
        "range-parser": "~1.2.1",
        "statuses": "2.0.1"
      },
      "engines": {
        "node": ">= 0.8.0"
      }
    },
    "node_modules/send/node_modules/ms": {
      "version": "2.1.3",
      "resolved": "https://registry.npmjs.org/ms/-/ms-2.1.3.tgz",
      "integrity": "sha512-6FlkAZqVIZLbAConwAV7KEpMopSt4TLA8iZbZrequestCodeD3mA34iP245T9ikDayzLzT1Aw6vTeuK/PNNgbw4gBMyA=="
    },
    "node_modules/serve-static": {
      "version": "1.15.0",
      "resolved": "https://registry.npmjs.org/serve-static/-/serve-static-1.15.0.tgz",
      "integrity": "sha512-XGuRDNjXUmpCOKDPwNf55D12YyQacc0XP7Q2mgG3A3v2K0HMp8wDANXkjGkFFaI3h3c2e1f9b0IthQvEnI+pA==",
      "dependencies": {
        "encodeurl": "~1.0.2",
        "escape-html": "~1.0.3",
        "parseurl": "~1.3.3",
        "send": "0.18.0"
      },
      "engines": {
        "node": ">= 0.8.0"
      }
    },
    "node_modules/set-function-length": {
      "version": "1.2.2",
      "resolved": "https://registry.npmjs.org/set-function-length/-/set-function-length-1.2.2.tgz",
      "integrity": "sha512-kgqxw2I22aJkP32aogb2o0M52j3D+mS/4JGriG92tK1+1nS3vIxFwPIkO2mouo4g32FN1js+YwEelJ3T3p45ZA==",
      "dependencies": {
        "define-data-property": "^1.1.4",
        "has-property-descriptors": "^1.0.2",
        "is-core-module": "^2.13.1"
      },
      "engines": {
        "node": ">= 0.4"
      }
    },
    "node_modules/setprototypeof": {
      "version": "1.2.0",
      "resolved": "https://registry.npmjs.org/setprototypeof/-/setprototypeof-1.2.0.tgz",
      "integrity": "sha512-vGYfGuao+Jc6p22a5POoVeN1i30m2a2nZ2aN/nOR42Mth0RI4Q3g/17dG3bM6wTNwY+UuLMVPC1fdojQqsJkOw=="
    },
    "node_modules/side-channel": {
      "version": "1.0.6",
      "resolved": "https://registry.npmjs.org/side-channel/-/side-channel-1.0.6.tgz",
      "integrity": "sha512-f+AReO44mtpUztg+3oT560eNbU4GDA/T34KssqI6t3/2QdD3TqCVBAdw4UcxIovSqx44Rgagx9c8p2sQIgkNyw==",
      "dependencies": {
        "call-bind": "^1.0.7",
        "get-intrinsic": "^1.2.4",
        "object-inspect": "^1.13.1"
      },
      "engines": {
        "node": ">= 0.4"
      },
      "funding": {
        "url": "https://github.com/sponsors/ljharb"
      }
    },
    "node_modules/statuses": {
      "version": "2.0.1",
      "resolved": "https://registry.npmjs.org/statuses/-/statuses-2.0.1.tgz",
      "integrity": "sha512-RwNA9Z/7PrK06rYLIzFMlaF+l73iwpzsqqzeR3s4kHY2QXIPEUEl+Xfgpe42nManCU00QPiperTgn2VoCiLHWSA==",
      "engines": {
        "node": ">= 0.8"
      }
    },
    "node_modules/toidentifier": {
      "version": "1.0.1",
      "resolved": "https://registry.npmjs.org/toidentifier/-/toidentifier-1.0.1.tgz",
      "integrity": "sha512-o5sSPKEkgOgrbTwWwJilJmM5nvrFHFCpU3G6IweJ1s5wscHuzY86rYm2bOyNaAZFHM/ypgGAbDUIpWkg0Gc6ig==",
      "engines": {
        "node": ">= 0.6"
      }
    },
    "node_modules/type-is": {
      "version": "1.6.18",
      "resolved": "https://registry.npmjs.org/type-is/-/type-is-1.6.18.tgz",
      "integrity": "sha512-TkRKr9sUTxEH8MdfuCSP7VizJgncII5TfKv0V70bEwgC44Ab4cleS6atHPUDA+S0a9mAn+bCgfdFcMo4s77ndA==",
      "dependencies": {
        "media-typer": "0.3.0",
        "mime-types": "~2.1.24"
      },
      "engines": {
        "node": ">= 0.6"
      }
    },
    "node_modules/unpipe": {
      "version": "1.0.0",
      "resolved": "https://registry.npmjs.org/unpipe/-/unpipe-1.0.0.tgz",
      "integrity": "sha512-pjy2bYhSsufwWlKwPc+l42BfvPqe5JoZKnkFtSsAsnLKTgeGgI9Jx3kpFaFlAUQOUz3fYW3U4wAVudK180rJGQ==",
      "engines": {
        "node": ">= 0.8"
      }
    },
    "node_modules/utils-flatten": {
      "version": "1.0.1",
      "resolved": "https://registry.npmjs.org/utils-flatten/-/utils-flatten-1.0.1.tgz",
      "integrity": "sha512-QwlQYFaa2sMgO2zwC2U8n3t14CFAi4NPjKjCexGkciAADY8c6QeNnB3lT2UmkR6JgK954W1u9J6DECIpA2/fA=="
    },
    "node_modules/vary": {
      "version": "1.1.2",
      "resolved": "https://registry.npmjs.org/vary/-/vary-1.1.2.tgz",
      "integrity": "sha512-BNGbWLfdIE0xLByiP5K+Ewh/2wZ4cZpyj2ssdcjCg2k742g27T4qYFMA+EEzFIIp2wB9d2p22yqg8ACw6y89aQ==",
      "engines": {
        "node": ">= 0.8"
      }
    }
  }
}
